
Microsoft Visual Studio Solution File, Format Version 12.00
# Visual Studio Version 17
VisualStudioVersion = 17.14.37516.0
MinimumVisualStudioVersion = 10.0.40219.1
Project("{2150E333-8FDC-42A3-9474-1A3956D46DE8}") = "src", "src", "{827E0CD3-B72D-47B6-A68D-7590B98EB39B}"
EndProject
Project("{FAE04EC0-301F-11D3-BF4B-00C04F79EFBC}") = "ProductChallenge.Domain", "src\ProductChallenge.Domain\ProductChallenge.Domain.csproj", "{6F551015-38C5-461D-A713-E6A66B33E81E}"
EndProject
Project("{FAE04EC0-301F-11D3-BF4B-00C04F79EFBC}") = "ProductChallenge.Application", "src\ProductChallenge.Application\ProductChallenge.Application.csproj", "{7ACC4CFB-0FF6-4EF7-9D6B-2B10AE68AB6D}"
EndProject
Project("{FAE04EC0-301F-11D3-BF4B-00C04F79EFBC}") = "ProductChallenge.Infrastructure", "src\ProductChallenge.Infrastructure\ProductChallenge.Infrastructure.csproj", "{A8990918-285F-4F07-955A-08335AEDA78A}"
EndProject
Project("{FAE04EC0-301F-11D3-BF4B-00C04F79EFBC}") = "ProductChallenge.Desktop", "src\ProductChallenge.Desktop\ProductChallenge.Desktop.csproj", "{FF27583B-0B3A-4BFA-81D8-649E1D52C304}"
EndProject
Project("{FAE04EC0-301F-11D3-BF4B-00C04F79EFBC}") = "ProductChallenge.Tests", "tests\ProductChallenge.Tests\ProductChallenge.Tests.csproj", "{03F25C46-3DF2-4CB9-9DB8-B61489F1E1D4}"
EndProject
Global
	GlobalSection(SolutionConfigurationPlatforms) = preSolution
		Debug|Any CPU = Debug|Any CPU
		Debug|x64 = Debug|x64
		Debug|x86 = Debug|x86
		Release|Any CPU = Release|Any CPU
		Release|x64 = Release|x64
		Release|x86 = Release|x86
	EndGlobalSection
	GlobalSection(ProjectConfigurationPlatforms) = postSolution
		{6F551015-38C5-461D-A713-E6A66B33E81E}.Debug|Any CPU.ActiveCfg = Debug|Any CPU
		{6F551015-38C5-461D-A713-E6A66B33E81E}.Debug|Any CPU.Build.0 = Debug|Any CPU
		{6F551015-38C5-461D-A713-E6A66B33E81E}.Debug|x64.ActiveCfg = Debug|Any CPU
		{6F551015-38C5-461D-A713-E6A66B33E81E}.Debug|x64.Build.0 = Debug|Any CPU
		{6F551015-38C5-461D-A713-E6A66B33E81E}.Debug|x86.ActiveCfg = Debug|Any CPU
		{6F551015-38C5-461D-A713-E6A66B33E81E}.Debug|x86.Build.0 = Debug|Any CPU
		{6F551015-38C5-461D-A713-E6A66B33E81E}.Release|Any CPU.ActiveCfg = Release|Any CPU
		{6F551015-38C5-461D-A713-E6A66B33E81E}.Release|Any CPU.Build.0 = Release|Any CPU
		{6F551015-38C5-461D-A713-E6A66B33E81E}.Release|x64.ActiveCfg = Release|Any CPU
		{6F551015-38C5-461D-A713-E6A66B33E81E}.Release|x64.Build.0 = Release|Any CPU
		{6F551015-38C5-461D-A713-E6A66B33E81E}.Release|x86.ActiveCfg = Release|Any CPU
		{6F551015-38C5-461D-A713-E6A66B33E81E}.Release|x86.Build.0 = Release|Any CPU
		{7ACC4CFB-0FF6-4EF7-9D6B-2B10AE68AB6D}.Debug|Any CPU.ActiveCfg = Debug|Any CPU
		{7ACC4CFB-0FF6-4EF7-9D6B-2B10AE68AB6D}.Debug|Any CPU.Build.0 = Debug|Any CPU
		{7ACC4CFB-0FF6-4EF7-9D6B-2B10AE68AB6D}.Debug|x64.ActiveCfg = Debug|Any CPU
		{7ACC4CFB-0FF6-4EF7-9D6B-2B10AE68AB6D}.Debug|x64.Build.0 = Debug|Any CPU
		{7ACC4CFB-0FF6-4EF7-9D6B-2B10AE68AB6D}.Debug|x86.ActiveCfg = Debug|Any CPU
		{7ACC4CFB-0FF6-4EF7-9D6B-2B10AE68AB6D}.Debug|x86.Build.0 = Debug|Any CPU
		{7ACC4CFB-0FF6-4EF7-9D6B-2B10AE68AB6D}.Release|Any CPU.ActiveCfg = Release|Any CPU
		{7ACC4CFB-0FF6-4EF7-9D6B-2B10AE68AB6D}.Release|Any CPU.Build.0 = Release|Any CPU
		{7ACC4CFB-0FF6-4EF7-9D6B-2B10AE68AB6D}.Release|x64.ActiveCfg = Release|Any CPU
		{7ACC4CFB-0FF6-4EF7-9D6B-2B10AE68AB6D}.Release|x64.Build.0 = Release|Any CPU
		{7ACC4CFB-0FF6-4EF7-9D6B-2B10AE68AB6D}.Release|x86.ActiveCfg = Release|Any CPU
		{7ACC4CFB-0FF6-4EF7-9D6B-2B10AE68AB6D}.Release|x86.Build.0 = Release|Any CPU
		{A8990918-285F-4F07-955A-08335AEDA78A}.Debug|Any CPU.ActiveCfg = Debug|Any CPU
		{A8990918-285F-4F07-955A-08335AEDA78A}.Debug|Any CPU.Build.0 = Debug|Any CPU
		{A8990918-285F-4F07-955A-08335AEDA78A}.Debug|x64.ActiveCfg = Debug|Any CPU
		{A8990918-285F-4F07-955A-08335AEDA78A}.Debug|x64.Build.0 = Debug|Any CPU
		{A8990918-285F-4F07-955A-08335AEDA78A}.Debug|x86.ActiveCfg = Debug|Any CPU
		{A8990918-285F-4F07-955A-08335AEDA78A}.Debug|x86.Build.0 = Debug|Any CPU
		{A8990918-285F-4F07-955A-08335AEDA78A}.Release|Any CPU.ActiveCfg = Release|Any CPU
		{A8990918-285F-4F07-955A-08335AEDA78A}.Release|Any CPU.Build.0 = Release|Any CPU
		{A8990918-285F-4F07-955A-08335AEDA78A}.Release|x64.ActiveCfg = Release|Any CPU
		{A8990918-285F-4F07-955A-08335AEDA78A}.Release|x64.Build.0 = Release|Any CPU
		{A8990918-285F-4F07-955A-08335AEDA78A}.Release|x86.ActiveCfg = Release|Any CPU
		{A8990918-285F-4F07-955A-08335AEDA78A}.Release|x86.Build.0 = Release|Any CPU
		{FF27583B-0B3A-4BFA-81D8-649E1D52C304}.Debug|Any CPU.ActiveCfg = Debug|Any CPU
		{FF27583B-0B3A-4BFA-81D8-649E1D52C304}.Debug|Any CPU.Build.0 = Debug|Any CPU
		{FF27583B-0B3A-4BFA-81D8-649E1D52C304}.Debug|x64.ActiveCfg = Debug|Any CPU
		{FF27583B-0B3A-4BFA-81D8-649E1D52C304}.Debug|x64.Build.0 = Debug|Any CPU
		{FF27583B-0B3A-4BFA-81D8-649E1D52C304}.Debug|x86.ActiveCfg = Debug|Any CPU
		{FF27583B-0B3A-4BFA-81D8-649E1D52C304}.Debug|x86.Build.0 = Debug|Any CPU
		{FF27583B-0B3A-4BFA-81D8-649E1D52C304}.Release|Any CPU.ActiveCfg = Release|Any CPU
		{FF27583B-0B3A-4BFA-81D8-649E1D52C304}.Release|Any CPU.Build.0 = Release|Any CPU
		{FF27583B-0B3A-4BFA-81D8-649E1D52C304}.Release|x64.ActiveCfg = Release|Any CPU
		{FF27583B-0B3A-4BFA-81D8-649E1D52C304}.Release|x64.Build.0 = Release|Any CPU
		{FF27583B-0B3A-4BFA-81D8-649E1D52C304}.Release|x86.ActiveCfg = Release|Any CPU
		{FF27583B-0B3A-4BFA-81D8-649E1D52C304}.Release|x86.Build.0 = Release|Any CPU
		{03F25C46-3DF2-4CB9-9DB8-B61489F1E1D4}.Debug|Any CPU.ActiveCfg = Debug|Any CPU
		{03F25C46-3DF2-4CB9-9DB8-B61489F1E1D4}.Debug|Any CPU.Build.0 = Debug|Any CPU
		{03F25C46-3DF2-4CB9-9DB8-B61489F1E1D4}.Debug|x64.ActiveCfg = Debug|Any CPU
		{03F25C46-3DF2-4CB9-9DB8-B61489F1E1D4}.Debug|x64.Build.0 = Debug|Any CPU
		{03F25C46-3DF2-4CB9-9DB8-B61489F1E1D4}.Debug|x86.ActiveCfg = Debug|Any CPU
		{03F25C46-3DF2-4CB9-9DB8-B61489F1E1D4}.Debug|x86.Build.0 = Debug|Any CPU
		{03F25C46-3DF2-4CB9-9DB8-B61489F1E1D4}.Release|Any CPU.ActiveCfg = Release|Any CPU
		{03F25C46-3DF2-4CB9-9DB8-B61489F1E1D4}.Release|Any CPU.Build.0 = Release|Any CPU
		{03F25C46-3DF2-4CB9-9DB8-B61489F1E1D4}.Release|x64.ActiveCfg = Release|Any CPU
		{03F25C46-3DF2-4CB9-9DB8-B61489F1E1D4}.Release|x64.Build.0 = Release|Any CPU
		{03F25C46-3DF2-4CB9-9DB8-B61489F1E1D4}.Release|x86.ActiveCfg = Release|Any CPU
		{03F25C46-3DF2-4CB9-9DB8-B61489F1E1D4}.Release|x86.Build.0 = Release|Any CPU
	EndGlobalSection
	GlobalSection(SolutionProperties) = preSolution
		HideSolutionNode = FALSE
	EndGlobalSection
	GlobalSection(NestedProjects) = preSolution
		{6F551015-38C5-461D-A713-E6A66B33E81E} = {827E0CD3-B72D-47B6-A68D-7590B98EB39B}
		{7ACC4CFB-0FF6-4EF7-9D6B-2B10AE68AB6D} = {827E0CD3-B72D-47B6-A68D-7590B98EB39B}
		{A8990918-285F-4F07-955A-08335AEDA78A} = {827E0CD3-B72D-47B6-A68D-7590B98EB39B}
		{FF27583B-0B3A-4BFA-81D8-649E1D52C304} = {827E0CD3-B72D-47B6-A68D-7590B98EB39B}
		{03F25C46-3DF2-4CB9-9DB8-B61489F1E1D4} = {827E0CD3-B72D-47B6-A68D-7590B98EB39B}
	EndGlobalSection
	GlobalSection(ExtensibilityGlobals) = postSolution
		SolutionGuid = {19C5088F-0D47-4A5C-9BB4-6CE525D2FE6D}
	EndGlobalSection
EndGlobal
